
Microsoft Visual Studio Solution File, Format Version 12.00
# Visual Studio Version 17
VisualStudioVersion = 17.7.34031.279
MinimumVisualStudioVersion = 10.0.40219.1
Project("{FAE04EC0-301F-11D3-BF4B-00C04F79EFBC}") = "StudentDatabase", "StudentDatabase\StudentDatabase.csproj", "{C8977814-3296-4E75-94EE-19B3BA1AA4F5}"
EndProject
Global
	GlobalSection(SolutionConfigurationPlatforms) = preSolution
		Debug|Any CPU = Debug|Any CPU
		Release|Any CPU = Release|Any CPU
	EndGlobalSection
	GlobalSection(ProjectConfigurationPlatforms) = postSolution
		{C8977814-3296-4E75-94EE-19B3BA1AA4F5}.Debug|Any CPU.ActiveCfg = Debug|Any CPU
		{C8977814-3296-4E75-94EE-19B3BA1AA4F5}.Debug|Any CPU.Build.0 = Debug|Any CPU
		{C8977814-3296-4E75-94EE-19B3BA1AA4F5}.Release|Any CPU.ActiveCfg = Release|Any CPU
		{C8977814-3296-4E75-94EE-19B3BA1AA4F5}.Release|Any CPU.Build.0 = Release|Any CPU
	EndGlobalSection
	GlobalSection(SolutionProperties) = preSolution
		HideSolutionNode = FALSE
	EndGlobalSection
	GlobalSection(ExtensibilityGlobals) = postSolution
		SolutionGuid = {FEE596C9-9018-41AF-A887-CDB659F0E337}
	EndGlobalSection
EndGlobal
